
Microsoft Visual Studio Solution File, Format Version 12.00
# Visual Studio 14
VisualStudioVersion = 14.0.25420.1
MinimumVisualStudioVersion = 10.0.40219.1
Project("{2150E333-8FDC-42A3-9474-1A3956D46DE8}") = "Creational", "Creational", "{9F9E8694-D4FD-44DA-A557-A2DE8CF16B43}"
EndProject
Project("{2150E333-8FDC-42A3-9474-1A3956D46DE8}") = "Structural", "Structural", "{A57A1E0E-214B-434C-A004-55DBABBDF3FE}"
EndProject
Project("{2150E333-8FDC-42A3-9474-1A3956D46DE8}") = "Behavioral", "Behavioral", "{AE01F7C0-5FDB-4CC5-8A54-D852739F0905}"
EndProject
Project("{FAE04EC0-301F-11D3-BF4B-00C04F79EFBC}") = "Singleton", "Creational\Singleton\Singleton.csproj", "{B9A99B91-DAF1-4D00-A14D-66A942A9842E}"
EndProject
Project("{FAE04EC0-301F-11D3-BF4B-00C04F79EFBC}") = "Decorator", "Structural\Decorator\Decorator.csproj", "{47AD3702-7F10-4C00-B9F9-4A028AD5880F}"
EndProject
Project("{FAE04EC0-301F-11D3-BF4B-00C04F79EFBC}") = "NullObject", "Behavioral\NullObject\NullObject.csproj", "{5FA2BEAD-9B7B-4575-8840-075D5675062D}"
EndProject
Project("{FAE04EC0-301F-11D3-BF4B-00C04F79EFBC}") = "AbstractFactory", "Creational\AbstractFactory\AbstractFactory.csproj", "{2E8AFE91-12E3-44CD-9460-34FEDEA9A8F6}"
EndProject
Project("{FAE04EC0-301F-11D3-BF4B-00C04F79EFBC}") = "Builder", "Creational\Builder\Builder.csproj", "{78DBF3E5-33FE-4019-9DEE-232DC56AA421}"
EndProject
Project("{FAE04EC0-301F-11D3-BF4B-00C04F79EFBC}") = "FactoryMethod", "Creational\FactoryMethod\FactoryMethod.csproj", "{4DB0A6B5-7F34-412D-85D8-D87301FC7037}"
EndProject
Project("{FAE04EC0-301F-11D3-BF4B-00C04F79EFBC}") = "Multiton", "Creational\Multiton\Multiton.csproj", "{147308F2-40D5-424B-A3B5-52EF36AB6A02}"
EndProject
Project("{FAE04EC0-301F-11D3-BF4B-00C04F79EFBC}") = "LazyInitialization", "Creational\LazyInitialization\LazyInitialization.csproj", "{43C9268D-2387-4CD8-A1D2-3D4FB6FEEDE1}"
EndProject
Project("{FAE04EC0-301F-11D3-BF4B-00C04F79EFBC}") = "ObjectPool", "Creational\ObjectPool\ObjectPool.csproj", "{DD7ABBE9-2E02-45BE-BAC6-96943D85AEFF}"
EndProject
Project("{FAE04EC0-301F-11D3-BF4B-00C04F79EFBC}") = "Prototype", "Creational\Prototype\Prototype.csproj", "{B14E24D5-A5F0-483F-B2CA-CABA9A25624E}"
EndProject
Project("{FAE04EC0-301F-11D3-BF4B-00C04F79EFBC}") = "ResourceAcquisitionIsInitialization", "Creational\ResourceAcquisitionIsInitialization\ResourceAcquisitionIsInitialization.csproj", "{9194F67E-4FC4-442B-8848-894095189025}"
EndProject
Project("{FAE04EC0-301F-11D3-BF4B-00C04F79EFBC}") = "Adapter", "Structural\Adapter\Adapter.csproj", "{3A387C4F-D6B2-422B-A64E-8CA81DC65319}"
EndProject
Project("{FAE04EC0-301F-11D3-BF4B-00C04F79EFBC}") = "Bridge", "Structural\Bridge\Bridge.csproj", "{34BD9CC2-E359-4CFC-8455-BCC7BA2FDACB}"
EndProject
Project("{FAE04EC0-301F-11D3-BF4B-00C04F79EFBC}") = "Composite", "Structural\Composite\Composite.csproj", "{C2282707-0C99-4E69-80D8-E938D0F05FB5}"
EndProject
Project("{FAE04EC0-301F-11D3-BF4B-00C04F79EFBC}") = "ExtensionObject", "Structural\ExtensionObject\ExtensionObject.csproj", "{BE5A4567-A105-4F26-A21E-0CFC9C0F3FD7}"
EndProject
Project("{FAE04EC0-301F-11D3-BF4B-00C04F79EFBC}") = "Facade", "Structural\Facade\Facade.csproj", "{DE23ADAB-E260-4FD7-A09F-B439BD061E6C}"
EndProject
Project("{FAE04EC0-301F-11D3-BF4B-00C04F79EFBC}") = "Flyweight", "Structural\Flyweight\Flyweight.csproj", "{D5B2910F-A3DE-4DC0-9A68-944EFE34940A}"
EndProject
Project("{FAE04EC0-301F-11D3-BF4B-00C04F79EFBC}") = "FrontController", "Structural\FrontController\FrontController.csproj", "{FFBB5B5E-D50E-4589-BDFE-83F67ECC44B8}"
EndProject
Project("{FAE04EC0-301F-11D3-BF4B-00C04F79EFBC}") = "Marker", "Structural\Marker\Marker.csproj", "{EBF7AEC2-9207-473B-9EAB-3E2BBBCD7D21}"
EndProject
Project("{FAE04EC0-301F-11D3-BF4B-00C04F79EFBC}") = "Module", "Structural\Module\Module.csproj", "{43B2660A-6129-4171-B9D1-A3190CD08C7B}"
EndProject
Project("{FAE04EC0-301F-11D3-BF4B-00C04F79EFBC}") = "Proxy", "Structural\Proxy\Proxy.csproj", "{EEB09C91-962E-4A9A-9BA0-5B15225CB90B}"
EndProject
Project("{FAE04EC0-301F-11D3-BF4B-00C04F79EFBC}") = "Twin", "Structural\Twin\Twin.csproj", "{28C1CFB9-6CF7-4E4F-95AA-F9975E25C4FA}"
EndProject
Project("{FAE04EC0-301F-11D3-BF4B-00C04F79EFBC}") = "Blackboard", "Behavioral\Blackboard\Blackboard.csproj", "{0065FCB6-35F4-44FE-8E9B-58AA3BCA2709}"
EndProject
Project("{FAE04EC0-301F-11D3-BF4B-00C04F79EFBC}") = "ChainOfResponsibility", "Behavioral\ChainOfResponsibility\ChainOfResponsibility.csproj", "{43D77C60-438A-41A0-A7F2-C36131ED4146}"
EndProject
Project("{FAE04EC0-301F-11D3-BF4B-00C04F79EFBC}") = "Command", "Behavioral\Command\Command.csproj", "{E4B21A64-B6D2-4BC0-8C1E-326FB30F611A}"
EndProject
Project("{FAE04EC0-301F-11D3-BF4B-00C04F79EFBC}") = "Interpreter", "Behavioral\Interpreter\Interpreter.csproj", "{535155C3-FA82-451A-8267-1AB51B9EB033}"
EndProject
Project("{FAE04EC0-301F-11D3-BF4B-00C04F79EFBC}") = "Iterator", "Behavioral\Iterator\Iterator.csproj", "{FF74E024-000D-4195-829C-AD6541836BB9}"
EndProject
Project("{FAE04EC0-301F-11D3-BF4B-00C04F79EFBC}") = "Mediator", "Behavioral\Mediator\Mediator.csproj", "{344C3F63-234C-4E4E-A239-577E81D35B55}"
EndProject
Project("{FAE04EC0-301F-11D3-BF4B-00C04F79EFBC}") = "Memento", "Behavioral\Memento\Memento.csproj", "{5C1DA6EF-6DBA-49B4-BC7C-8A7806D9A8EE}"
EndProject
Project("{FAE04EC0-301F-11D3-BF4B-00C04F79EFBC}") = "Observer", "Behavioral\Observer\Observer.csproj", "{8BDADA06-3D9D-476D-9089-DC52E8853650}"
EndProject
Project("{FAE04EC0-301F-11D3-BF4B-00C04F79EFBC}") = "Servant", "Behavioral\Servant\Servant.csproj", "{2C63275E-1110-4C8D-81B2-BCEBD0A44703}"
EndProject
Project("{FAE04EC0-301F-11D3-BF4B-00C04F79EFBC}") = "Specification", "Behavioral\Specification\Specification.csproj", "{F826C79A-FAD7-4E01-BA65-0EDFAC6DDF1D}"
EndProject
Project("{FAE04EC0-301F-11D3-BF4B-00C04F79EFBC}") = "State", "Behavioral\State\State.csproj", "{D1E1F05D-C656-48F4-8D32-DC5A9E6AC97F}"
EndProject
Project("{FAE04EC0-301F-11D3-BF4B-00C04F79EFBC}") = "Strategy", "Behavioral\Strategy\Strategy.csproj", "{4EE0CCDE-26CD-4C51-80EE-E0BA9823F4D1}"
EndProject
Project("{FAE04EC0-301F-11D3-BF4B-00C04F79EFBC}") = "TemplateMethod", "Behavioral\TemplateMethod\TemplateMethod.csproj", "{5A60B4B4-346C-473D-9EBF-7DBFDD6E2EB0}"
EndProject
Project("{FAE04EC0-301F-11D3-BF4B-00C04F79EFBC}") = "Visitor", "Behavioral\Visitor\Visitor.csproj", "{137A9225-5664-45C9-A6AD-24976D430042}"
EndProject
Project("{2150E333-8FDC-42A3-9474-1A3956D46DE8}") = "Concurrency", "Concurrency", "{53F906B1-9183-43B0-8C2A-C3100302BB50}"
EndProject
Project("{FAE04EC0-301F-11D3-BF4B-00C04F79EFBC}") = "ActiveObject", "Concurrency\ActiveObject\ActiveObject.csproj", "{B98B7D29-01B6-4300-8109-7152D7E09727}"
EndProject
Project("{FAE04EC0-301F-11D3-BF4B-00C04F79EFBC}") = "Balking", "Concurrency\Balking\Balking.csproj", "{CDFAD871-B2C9-433C-9A4D-4FD9CC080704}"
EndProject
Project("{FAE04EC0-301F-11D3-BF4B-00C04F79EFBC}") = "BindingProperties", "Concurrency\BindingProperties\BindingProperties.csproj", "{2460D981-F369-4D6F-8E50-ADFEC2FEC7D0}"
EndProject
Project("{FAE04EC0-301F-11D3-BF4B-00C04F79EFBC}") = "Blockchain", "Concurrency\Blockchain\Blockchain.csproj", "{69D1C1EA-C85B-430B-817D-1AA6AA2F9444}"
EndProject
Project("{FAE04EC0-301F-11D3-BF4B-00C04F79EFBC}") = "DoubleCheckedLocking", "Concurrency\DoubleCheckedLocking\DoubleCheckedLocking.csproj", "{A0A2873B-CC06-4905-A29D-9341774B5715}"
EndProject
Project("{FAE04EC0-301F-11D3-BF4B-00C04F79EFBC}") = "EventBasedAsynchronous", "Concurrency\EventBasedAsynchronous\EventBasedAsynchronous.csproj", "{29DBC4A6-A640-44F2-A43C-C5991AE7D967}"
EndProject
Project("{FAE04EC0-301F-11D3-BF4B-00C04F79EFBC}") = "GuardedSuspension", "Concurrency\GuardedSuspension\GuardedSuspension.csproj", "{4CCCE13D-6FBE-4B1F-B5E7-2BFABBA6A4BB}"
EndProject
Project("{FAE04EC0-301F-11D3-BF4B-00C04F79EFBC}") = "Join", "Concurrency\Join\Join.csproj", "{CBE84E95-F2F9-455D-9417-60C29A07C7BD}"
EndProject
Project("{FAE04EC0-301F-11D3-BF4B-00C04F79EFBC}") = "Lock", "Concurrency\Lock\Lock.csproj", "{30477D41-DD99-41BD-9B2E-7914196C87FA}"
EndProject
Project("{FAE04EC0-301F-11D3-BF4B-00C04F79EFBC}") = "MessagingDesignPattern", "Concurrency\MessagingDesignPattern\MessagingDesignPattern.csproj", "{B5D0A400-BA01-4AA9-985A-6D716D71053E}"
EndProject
Project("{FAE04EC0-301F-11D3-BF4B-00C04F79EFBC}") = "MonitorObject", "Concurrency\MonitorObject\MonitorObject.csproj", "{0CB1B6E0-158A-495F-A4FC-0E18419FC24F}"
EndProject
Project("{FAE04EC0-301F-11D3-BF4B-00C04F79EFBC}") = "Reactor", "Concurrency\Reactor\Reactor.csproj", "{029C862D-D6E7-4A94-BF59-9ADA93F820E4}"
EndProject
Project("{FAE04EC0-301F-11D3-BF4B-00C04F79EFBC}") = "ReadWriteLock", "Concurrency\ReadWriteLock\ReadWriteLock.csproj", "{34E9F0FB-F005-4A2A-B7F2-29560588C9C5}"
EndProject
Project("{FAE04EC0-301F-11D3-BF4B-00C04F79EFBC}") = "Scheduler", "Concurrency\Scheduler\Scheduler.csproj", "{888BAF67-9389-44DB-A95F-77A7AB9C12C8}"
EndProject
Project("{FAE04EC0-301F-11D3-BF4B-00C04F79EFBC}") = "ThreadPool", "Concurrency\ThreadPool\ThreadPool.csproj", "{5DBF1EB8-7C76-4DB9-A375-49D321D5BBA9}"
EndProject
Project("{FAE04EC0-301F-11D3-BF4B-00C04F79EFBC}") = "ThreadSpecificStorage", "Concurrency\ThreadSpecificStorage\ThreadSpecificStorage.csproj", "{CD1340B2-15D9-4BC3-ACA8-3C49FFA007AF}"
EndProject
Global
	GlobalSection(SolutionConfigurationPlatforms) = preSolution
		Debug|Any CPU = Debug|Any CPU
		Release|Any CPU = Release|Any CPU
	EndGlobalSection
	GlobalSection(ProjectConfigurationPlatforms) = postSolution
		{B9A99B91-DAF1-4D00-A14D-66A942A9842E}.Debug|Any CPU.ActiveCfg = Debug|Any CPU
		{B9A99B91-DAF1-4D00-A14D-66A942A9842E}.Debug|Any CPU.Build.0 = Debug|Any CPU
		{B9A99B91-DAF1-4D00-A14D-66A942A9842E}.Release|Any CPU.ActiveCfg = Release|Any CPU
		{B9A99B91-DAF1-4D00-A14D-66A942A9842E}.Release|Any CPU.Build.0 = Release|Any CPU
		{47AD3702-7F10-4C00-B9F9-4A028AD5880F}.Debug|Any CPU.ActiveCfg = Debug|Any CPU
		{47AD3702-7F10-4C00-B9F9-4A028AD5880F}.Debug|Any CPU.Build.0 = Debug|Any CPU
		{47AD3702-7F10-4C00-B9F9-4A028AD5880F}.Release|Any CPU.ActiveCfg = Release|Any CPU
		{47AD3702-7F10-4C00-B9F9-4A028AD5880F}.Release|Any CPU.Build.0 = Release|Any CPU
		{5FA2BEAD-9B7B-4575-8840-075D5675062D}.Debug|Any CPU.ActiveCfg = Debug|Any CPU
		{5FA2BEAD-9B7B-4575-8840-075D5675062D}.Debug|Any CPU.Build.0 = Debug|Any CPU
		{5FA2BEAD-9B7B-4575-8840-075D5675062D}.Release|Any CPU.ActiveCfg = Release|Any CPU
		{5FA2BEAD-9B7B-4575-8840-075D5675062D}.Release|Any CPU.Build.0 = Release|Any CPU
		{2E8AFE91-12E3-44CD-9460-34FEDEA9A8F6}.Debug|Any CPU.ActiveCfg = Debug|Any CPU
		{2E8AFE91-12E3-44CD-9460-34FEDEA9A8F6}.Debug|Any CPU.Build.0 = Debug|Any CPU
		{2E8AFE91-12E3-44CD-9460-34FEDEA9A8F6}.Release|Any CPU.ActiveCfg = Release|Any CPU
		{2E8AFE91-12E3-44CD-9460-34FEDEA9A8F6}.Release|Any CPU.Build.0 = Release|Any CPU
		{78DBF3E5-33FE-4019-9DEE-232DC56AA421}.Debug|Any CPU.ActiveCfg = Debug|Any CPU
		{78DBF3E5-33FE-4019-9DEE-232DC56AA421}.Debug|Any CPU.Build.0 = Debug|Any CPU
		{78DBF3E5-33FE-4019-9DEE-232DC56AA421}.Release|Any CPU.ActiveCfg = Release|Any CPU
		{78DBF3E5-33FE-4019-9DEE-232DC56AA421}.Release|Any CPU.Build.0 = Release|Any CPU
		{4DB0A6B5-7F34-412D-85D8-D87301FC7037}.Debug|Any CPU.ActiveCfg = Debug|Any CPU
		{4DB0A6B5-7F34-412D-85D8-D87301FC7037}.Debug|Any CPU.Build.0 = Debug|Any CPU
		{4DB0A6B5-7F34-412D-85D8-D87301FC7037}.Release|Any CPU.ActiveCfg = Release|Any CPU
		{4DB0A6B5-7F34-412D-85D8-D87301FC7037}.Release|Any CPU.Build.0 = Release|Any CPU
		{147308F2-40D5-424B-A3B5-52EF36AB6A02}.Debug|Any CPU.ActiveCfg = Debug|Any CPU
		{147308F2-40D5-424B-A3B5-52EF36AB6A02}.Debug|Any CPU.Build.0 = Debug|Any CPU
		{147308F2-40D5-424B-A3B5-52EF36AB6A02}.Release|Any CPU.ActiveCfg = Release|Any CPU
		{147308F2-40D5-424B-A3B5-52EF36AB6A02}.Release|Any CPU.Build.0 = Release|Any CPU
		{43C9268D-2387-4CD8-A1D2-3D4FB6FEEDE1}.Debug|Any CPU.ActiveCfg = Debug|Any CPU
		{43C9268D-2387-4CD8-A1D2-3D4FB6FEEDE1}.Debug|Any CPU.Build.0 = Debug|Any CPU
		{43C9268D-2387-4CD8-A1D2-3D4FB6FEEDE1}.Release|Any CPU.ActiveCfg = Release|Any CPU
		{43C9268D-2387-4CD8-A1D2-3D4FB6FEEDE1}.Release|Any CPU.Build.0 = Release|Any CPU
		{DD7ABBE9-2E02-45BE-BAC6-96943D85AEFF}.Debug|Any CPU.ActiveCfg = Debug|Any CPU
		{DD7ABBE9-2E02-45BE-BAC6-96943D85AEFF}.Debug|Any CPU.Build.0 = Debug|Any CPU
		{DD7ABBE9-2E02-45BE-BAC6-96943D85AEFF}.Release|Any CPU.ActiveCfg = Release|Any CPU
		{DD7ABBE9-2E02-45BE-BAC6-96943D85AEFF}.Release|Any CPU.Build.0 = Release|Any CPU
		{B14E24D5-A5F0-483F-B2CA-CABA9A25624E}.Debug|Any CPU.ActiveCfg = Debug|Any CPU
		{B14E24D5-A5F0-483F-B2CA-CABA9A25624E}.Debug|Any CPU.Build.0 = Debug|Any CPU
		{B14E24D5-A5F0-483F-B2CA-CABA9A25624E}.Release|Any CPU.ActiveCfg = Release|Any CPU
		{B14E24D5-A5F0-483F-B2CA-CABA9A25624E}.Release|Any CPU.Build.0 = Release|Any CPU
		{9194F67E-4FC4-442B-8848-894095189025}.Debug|Any CPU.ActiveCfg = Debug|Any CPU
		{9194F67E-4FC4-442B-8848-894095189025}.Debug|Any CPU.Build.0 = Debug|Any CPU
		{9194F67E-4FC4-442B-8848-894095189025}.Release|Any CPU.ActiveCfg = Release|Any CPU
		{9194F67E-4FC4-442B-8848-894095189025}.Release|Any CPU.Build.0 = Release|Any CPU
		{3A387C4F-D6B2-422B-A64E-8CA81DC65319}.Debug|Any CPU.ActiveCfg = Debug|Any CPU
		{3A387C4F-D6B2-422B-A64E-8CA81DC65319}.Debug|Any CPU.Build.0 = Debug|Any CPU
		{3A387C4F-D6B2-422B-A64E-8CA81DC65319}.Release|Any CPU.ActiveCfg = Release|Any CPU
		{3A387C4F-D6B2-422B-A64E-8CA81DC65319}.Release|Any CPU.Build.0 = Release|Any CPU
		{34BD9CC2-E359-4CFC-8455-BCC7BA2FDACB}.Debug|Any CPU.ActiveCfg = Debug|Any CPU
		{34BD9CC2-E359-4CFC-8455-BCC7BA2FDACB}.Debug|Any CPU.Build.0 = Debug|Any CPU
		{34BD9CC2-E359-4CFC-8455-BCC7BA2FDACB}.Release|Any CPU.ActiveCfg = Release|Any CPU
		{34BD9CC2-E359-4CFC-8455-BCC7BA2FDACB}.Release|Any CPU.Build.0 = Release|Any CPU
		{C2282707-0C99-4E69-80D8-E938D0F05FB5}.Debug|Any CPU.ActiveCfg = Debug|Any CPU
		{C2282707-0C99-4E69-80D8-E938D0F05FB5}.Debug|Any CPU.Build.0 = Debug|Any CPU
		{C2282707-0C99-4E69-80D8-E938D0F05FB5}.Release|Any CPU.ActiveCfg = Release|Any CPU
		{C2282707-0C99-4E69-80D8-E938D0F05FB5}.Release|Any CPU.Build.0 = Release|Any CPU
		{BE5A4567-A105-4F26-A21E-0CFC9C0F3FD7}.Debug|Any CPU.ActiveCfg = Debug|Any CPU
		{BE5A4567-A105-4F26-A21E-0CFC9C0F3FD7}.Debug|Any CPU.Build.0 = Debug|Any CPU
		{BE5A4567-A105-4F26-A21E-0CFC9C0F3FD7}.Release|Any CPU.ActiveCfg = Release|Any CPU
		{BE5A4567-A105-4F26-A21E-0CFC9C0F3FD7}.Release|Any CPU.Build.0 = Release|Any CPU
		{DE23ADAB-E260-4FD7-A09F-B439BD061E6C}.Debug|Any CPU.ActiveCfg = Debug|Any CPU
		{DE23ADAB-E260-4FD7-A09F-B439BD061E6C}.Debug|Any CPU.Build.0 = Debug|Any CPU
		{DE23ADAB-E260-4FD7-A09F-B439BD061E6C}.Release|Any CPU.ActiveCfg = Release|Any CPU
		{DE23ADAB-E260-4FD7-A09F-B439BD061E6C}.Release|Any CPU.Build.0 = Release|Any CPU
		{D5B2910F-A3DE-4DC0-9A68-944EFE34940A}.Debug|Any CPU.ActiveCfg = Debug|Any CPU
		{D5B2910F-A3DE-4DC0-9A68-944EFE34940A}.Debug|Any CPU.Build.0 = Debug|Any CPU
		{D5B2910F-A3DE-4DC0-9A68-944EFE34940A}.Release|Any CPU.ActiveCfg = Release|Any CPU
		{D5B2910F-A3DE-4DC0-9A68-944EFE34940A}.Release|Any CPU.Build.0 = Release|Any CPU
		{FFBB5B5E-D50E-4589-BDFE-83F67ECC44B8}.Debug|Any CPU.ActiveCfg = Debug|Any CPU
		{FFBB5B5E-D50E-4589-BDFE-83F67ECC44B8}.Debug|Any CPU.Build.0 = Debug|Any CPU
		{FFBB5B5E-D50E-4589-BDFE-83F67ECC44B8}.Release|Any CPU.ActiveCfg = Release|Any CPU
		{FFBB5B5E-D50E-4589-BDFE-83F67ECC44B8}.Release|Any CPU.Build.0 = Release|Any CPU
		{EBF7AEC2-9207-473B-9EAB-3E2BBBCD7D21}.Debug|Any CPU.ActiveCfg = Debug|Any CPU
		{EBF7AEC2-9207-473B-9EAB-3E2BBBCD7D21}.Debug|Any CPU.Build.0 = Debug|Any CPU
		{EBF7AEC2-9207-473B-9EAB-3E2BBBCD7D21}.Release|Any CPU.ActiveCfg = Release|Any CPU
		{EBF7AEC2-9207-473B-9EAB-3E2BBBCD7D21}.Release|Any CPU.Build.0 = Release|Any CPU
		{43B2660A-6129-4171-B9D1-A3190CD08C7B}.Debug|Any CPU.ActiveCfg = Debug|Any CPU
		{43B2660A-6129-4171-B9D1-A3190CD08C7B}.Debug|Any CPU.Build.0 = Debug|Any CPU
		{43B2660A-6129-4171-B9D1-A3190CD08C7B}.Release|Any CPU.ActiveCfg = Release|Any CPU
		{43B2660A-6129-4171-B9D1-A3190CD08C7B}.Release|Any CPU.Build.0 = Release|Any CPU
		{EEB09C91-962E-4A9A-9BA0-5B15225CB90B}.Debug|Any CPU.ActiveCfg = Debug|Any CPU
		{EEB09C91-962E-4A9A-9BA0-5B15225CB90B}.Debug|Any CPU.Build.0 = Debug|Any CPU
		{EEB09C91-962E-4A9A-9BA0-5B15225CB90B}.Release|Any CPU.ActiveCfg = Release|Any CPU
		{EEB09C91-962E-4A9A-9BA0-5B15225CB90B}.Release|Any CPU.Build.0 = Release|Any CPU
		{28C1CFB9-6CF7-4E4F-95AA-F9975E25C4FA}.Debug|Any CPU.ActiveCfg = Debug|Any CPU
		{28C1CFB9-6CF7-4E4F-95AA-F9975E25C4FA}.Debug|Any CPU.Build.0 = Debug|Any CPU
		{28C1CFB9-6CF7-4E4F-95AA-F9975E25C4FA}.Release|Any CPU.ActiveCfg = Release|Any CPU
		{28C1CFB9-6CF7-4E4F-95AA-F9975E25C4FA}.Release|Any CPU.Build.0 = Release|Any CPU
		{0065FCB6-35F4-44FE-8E9B-58AA3BCA2709}.Debug|Any CPU.ActiveCfg = Debug|Any CPU
		{0065FCB6-35F4-44FE-8E9B-58AA3BCA2709}.Debug|Any CPU.Build.0 = Debug|Any CPU
		{0065FCB6-35F4-44FE-8E9B-58AA3BCA2709}.Release|Any CPU.ActiveCfg = Release|Any CPU
		{0065FCB6-35F4-44FE-8E9B-58AA3BCA2709}.Release|Any CPU.Build.0 = Release|Any CPU
		{43D77C60-438A-41A0-A7F2-C36131ED4146}.Debug|Any CPU.ActiveCfg = Debug|Any CPU
		{43D77C60-438A-41A0-A7F2-C36131ED4146}.Debug|Any CPU.Build.0 = Debug|Any CPU
		{43D77C60-438A-41A0-A7F2-C36131ED4146}.Release|Any CPU.ActiveCfg = Release|Any CPU
		{43D77C60-438A-41A0-A7F2-C36131ED4146}.Release|Any CPU.Build.0 = Release|Any CPU
		{E4B21A64-B6D2-4BC0-8C1E-326FB30F611A}.Debug|Any CPU.ActiveCfg = Debug|Any CPU
		{E4B21A64-B6D2-4BC0-8C1E-326FB30F611A}.Debug|Any CPU.Build.0 = Debug|Any CPU
		{E4B21A64-B6D2-4BC0-8C1E-326FB30F611A}.Release|Any CPU.ActiveCfg = Release|Any CPU
		{E4B21A64-B6D2-4BC0-8C1E-326FB30F611A}.Release|Any CPU.Build.0 = Release|Any CPU
		{535155C3-FA82-451A-8267-1AB51B9EB033}.Debug|Any CPU.ActiveCfg = Debug|Any CPU
		{535155C3-FA82-451A-8267-1AB51B9EB033}.Debug|Any CPU.Build.0 = Debug|Any CPU
		{535155C3-FA82-451A-8267-1AB51B9EB033}.Release|Any CPU.ActiveCfg = Release|Any CPU
		{535155C3-FA82-451A-8267-1AB51B9EB033}.Release|Any CPU.Build.0 = Release|Any CPU
		{FF74E024-000D-4195-829C-AD6541836BB9}.Debug|Any CPU.ActiveCfg = Debug|Any CPU
		{FF74E024-000D-4195-829C-AD6541836BB9}.Debug|Any CPU.Build.0 = Debug|Any CPU
		{FF74E024-000D-4195-829C-AD6541836BB9}.Release|Any CPU.ActiveCfg = Release|Any CPU
		{FF74E024-000D-4195-829C-AD6541836BB9}.Release|Any CPU.Build.0 = Release|Any CPU
		{344C3F63-234C-4E4E-A239-577E81D35B55}.Debug|Any CPU.ActiveCfg = Debug|Any CPU
		{344C3F63-234C-4E4E-A239-577E81D35B55}.Debug|Any CPU.Build.0 = Debug|Any CPU
		{344C3F63-234C-4E4E-A239-577E81D35B55}.Release|Any CPU.ActiveCfg = Release|Any CPU
		{344C3F63-234C-4E4E-A239-577E81D35B55}.Release|Any CPU.Build.0 = Release|Any CPU
		{5C1DA6EF-6DBA-49B4-BC7C-8A7806D9A8EE}.Debug|Any CPU.ActiveCfg = Debug|Any CPU
		{5C1DA6EF-6DBA-49B4-BC7C-8A7806D9A8EE}.Debug|Any CPU.Build.0 = Debug|Any CPU
		{5C1DA6EF-6DBA-49B4-BC7C-8A7806D9A8EE}.Release|Any CPU.ActiveCfg = Release|Any CPU
		{5C1DA6EF-6DBA-49B4-BC7C-8A7806D9A8EE}.Release|Any CPU.Build.0 = Release|Any CPU
		{8BDADA06-3D9D-476D-9089-DC52E8853650}.Debug|Any CPU.ActiveCfg = Debug|Any CPU
		{8BDADA06-3D9D-476D-9089-DC52E8853650}.Debug|Any CPU.Build.0 = Debug|Any CPU
		{8BDADA06-3D9D-476D-9089-DC52E8853650}.Release|Any CPU.ActiveCfg = Release|Any CPU
		{8BDADA06-3D9D-476D-9089-DC52E8853650}.Release|Any CPU.Build.0 = Release|Any CPU
		{2C63275E-1110-4C8D-81B2-BCEBD0A44703}.Debug|Any CPU.ActiveCfg = Debug|Any CPU
		{2C63275E-1110-4C8D-81B2-BCEBD0A44703}.Debug|Any CPU.Build.0 = Debug|Any CPU
		{2C63275E-1110-4C8D-81B2-BCEBD0A44703}.Release|Any CPU.ActiveCfg = Release|Any CPU
		{2C63275E-1110-4C8D-81B2-BCEBD0A44703}.Release|Any CPU.Build.0 = Release|Any CPU
		{F826C79A-FAD7-4E01-BA65-0EDFAC6DDF1D}.Debug|Any CPU.ActiveCfg = Debug|Any CPU
		{F826C79A-FAD7-4E01-BA65-0EDFAC6DDF1D}.Debug|Any CPU.Build.0 = Debug|Any CPU
		{F826C79A-FAD7-4E01-BA65-0EDFAC6DDF1D}.Release|Any CPU.ActiveCfg = Release|Any CPU
		{F826C79A-FAD7-4E01-BA65-0EDFAC6DDF1D}.Release|Any CPU.Build.0 = Release|Any CPU
		{D1E1F05D-C656-48F4-8D32-DC5A9E6AC97F}.Debug|Any CPU.ActiveCfg = Debug|Any CPU
		{D1E1F05D-C656-48F4-8D32-DC5A9E6AC97F}.Debug|Any CPU.Build.0 = Debug|Any CPU
		{D1E1F05D-C656-48F4-8D32-DC5A9E6AC97F}.Release|Any CPU.ActiveCfg = Release|Any CPU
		{D1E1F05D-C656-48F4-8D32-DC5A9E6AC97F}.Release|Any CPU.Build.0 = Release|Any CPU
		{4EE0CCDE-26CD-4C51-80EE-E0BA9823F4D1}.Debug|Any CPU.ActiveCfg = Debug|Any CPU
		{4EE0CCDE-26CD-4C51-80EE-E0BA9823F4D1}.Debug|Any CPU.Build.0 = Debug|Any CPU
		{4EE0CCDE-26CD-4C51-80EE-E0BA9823F4D1}.Release|Any CPU.ActiveCfg = Release|Any CPU
		{4EE0CCDE-26CD-4C51-80EE-E0BA9823F4D1}.Release|Any CPU.Build.0 = Release|Any CPU
		{5A60B4B4-346C-473D-9EBF-7DBFDD6E2EB0}.Debug|Any CPU.ActiveCfg = Debug|Any CPU
		{5A60B4B4-346C-473D-9EBF-7DBFDD6E2EB0}.Debug|Any CPU.Build.0 = Debug|Any CPU
		{5A60B4B4-346C-473D-9EBF-7DBFDD6E2EB0}.Release|Any CPU.ActiveCfg = Release|Any CPU
		{5A60B4B4-346C-473D-9EBF-7DBFDD6E2EB0}.Release|Any CPU.Build.0 = Release|Any CPU
		{137A9225-5664-45C9-A6AD-24976D430042}.Debug|Any CPU.ActiveCfg = Debug|Any CPU
		{137A9225-5664-45C9-A6AD-24976D430042}.Debug|Any CPU.Build.0 = Debug|Any CPU
		{137A9225-5664-45C9-A6AD-24976D430042}.Release|Any CPU.ActiveCfg = Release|Any CPU
		{137A9225-5664-45C9-A6AD-24976D430042}.Release|Any CPU.Build.0 = Release|Any CPU
		{B98B7D29-01B6-4300-8109-7152D7E09727}.Debug|Any CPU.ActiveCfg = Debug|Any CPU
		{B98B7D29-01B6-4300-8109-7152D7E09727}.Debug|Any CPU.Build.0 = Debug|Any CPU
		{B98B7D29-01B6-4300-8109-7152D7E09727}.Release|Any CPU.ActiveCfg = Release|Any CPU
		{B98B7D29-01B6-4300-8109-7152D7E09727}.Release|Any CPU.Build.0 = Release|Any CPU
		{CDFAD871-B2C9-433C-9A4D-4FD9CC080704}.Debug|Any CPU.ActiveCfg = Debug|Any CPU
		{CDFAD871-B2C9-433C-9A4D-4FD9CC080704}.Debug|Any CPU.Build.0 = Debug|Any CPU
		{CDFAD871-B2C9-433C-9A4D-4FD9CC080704}.Release|Any CPU.ActiveCfg = Release|Any CPU
		{CDFAD871-B2C9-433C-9A4D-4FD9CC080704}.Release|Any CPU.Build.0 = Release|Any CPU
		{2460D981-F369-4D6F-8E50-ADFEC2FEC7D0}.Debug|Any CPU.ActiveCfg = Debug|Any CPU
		{2460D981-F369-4D6F-8E50-ADFEC2FEC7D0}.Debug|Any CPU.Build.0 = Debug|Any CPU
		{2460D981-F369-4D6F-8E50-ADFEC2FEC7D0}.Release|Any CPU.ActiveCfg = Release|Any CPU
		{2460D981-F369-4D6F-8E50-ADFEC2FEC7D0}.Release|Any CPU.Build.0 = Release|Any CPU
		{69D1C1EA-C85B-430B-817D-1AA6AA2F9444}.Debug|Any CPU.ActiveCfg = Debug|Any CPU
		{69D1C1EA-C85B-430B-817D-1AA6AA2F9444}.Debug|Any CPU.Build.0 = Debug|Any CPU
		{69D1C1EA-C85B-430B-817D-1AA6AA2F9444}.Release|Any CPU.ActiveCfg = Release|Any CPU
		{69D1C1EA-C85B-430B-817D-1AA6AA2F9444}.Release|Any CPU.Build.0 = Release|Any CPU
		{A0A2873B-CC06-4905-A29D-9341774B5715}.Debug|Any CPU.ActiveCfg = Debug|Any CPU
		{A0A2873B-CC06-4905-A29D-9341774B5715}.Debug|Any CPU.Build.0 = Debug|Any CPU
		{A0A2873B-CC06-4905-A29D-9341774B5715}.Release|Any CPU.ActiveCfg = Release|Any CPU
		{A0A2873B-CC06-4905-A29D-9341774B5715}.Release|Any CPU.Build.0 = Release|Any CPU
		{29DBC4A6-A640-44F2-A43C-C5991AE7D967}.Debug|Any CPU.ActiveCfg = Debug|Any CPU
		{29DBC4A6-A640-44F2-A43C-C5991AE7D967}.Debug|Any CPU.Build.0 = Debug|Any CPU
		{29DBC4A6-A640-44F2-A43C-C5991AE7D967}.Release|Any CPU.ActiveCfg = Release|Any CPU
		{29DBC4A6-A640-44F2-A43C-C5991AE7D967}.Release|Any CPU.Build.0 = Release|Any CPU
		{4CCCE13D-6FBE-4B1F-B5E7-2BFABBA6A4BB}.Debug|Any CPU.ActiveCfg = Debug|Any CPU
		{4CCCE13D-6FBE-4B1F-B5E7-2BFABBA6A4BB}.Debug|Any CPU.Build.0 = Debug|Any CPU
		{4CCCE13D-6FBE-4B1F-B5E7-2BFABBA6A4BB}.Release|Any CPU.ActiveCfg = Release|Any CPU
		{4CCCE13D-6FBE-4B1F-B5E7-2BFABBA6A4BB}.Release|Any CPU.Build.0 = Release|Any CPU
		{CBE84E95-F2F9-455D-9417-60C29A07C7BD}.Debug|Any CPU.ActiveCfg = Debug|Any CPU
		{CBE84E95-F2F9-455D-9417-60C29A07C7BD}.Debug|Any CPU.Build.0 = Debug|Any CPU
		{CBE84E95-F2F9-455D-9417-60C29A07C7BD}.Release|Any CPU.ActiveCfg = Release|Any CPU
		{CBE84E95-F2F9-455D-9417-60C29A07C7BD}.Release|Any CPU.Build.0 = Release|Any CPU
		{30477D41-DD99-41BD-9B2E-7914196C87FA}.Debug|Any CPU.ActiveCfg = Debug|Any CPU
		{30477D41-DD99-41BD-9B2E-7914196C87FA}.Debug|Any CPU.Build.0 = Debug|Any CPU
		{30477D41-DD99-41BD-9B2E-7914196C87FA}.Release|Any CPU.ActiveCfg = Release|Any CPU
		{30477D41-DD99-41BD-9B2E-7914196C87FA}.Release|Any CPU.Build.0 = Release|Any CPU
		{B5D0A400-BA01-4AA9-985A-6D716D71053E}.Debug|Any CPU.ActiveCfg = Debug|Any CPU
		{B5D0A400-BA01-4AA9-985A-6D716D71053E}.Debug|Any CPU.Build.0 = Debug|Any CPU
		{B5D0A400-BA01-4AA9-985A-6D716D71053E}.Release|Any CPU.ActiveCfg = Release|Any CPU
		{B5D0A400-BA01-4AA9-985A-6D716D71053E}.Release|Any CPU.Build.0 = Release|Any CPU
		{0CB1B6E0-158A-495F-A4FC-0E18419FC24F}.Debug|Any CPU.ActiveCfg = Debug|Any CPU
		{0CB1B6E0-158A-495F-A4FC-0E18419FC24F}.Debug|Any CPU.Build.0 = Debug|Any CPU
		{0CB1B6E0-158A-495F-A4FC-0E18419FC24F}.Release|Any CPU.ActiveCfg = Release|Any CPU
		{0CB1B6E0-158A-495F-A4FC-0E18419FC24F}.Release|Any CPU.Build.0 = Release|Any CPU
		{029C862D-D6E7-4A94-BF59-9ADA93F820E4}.Debug|Any CPU.ActiveCfg = Debug|Any CPU
		{029C862D-D6E7-4A94-BF59-9ADA93F820E4}.Debug|Any CPU.Build.0 = Debug|Any CPU
		{029C862D-D6E7-4A94-BF59-9ADA93F820E4}.Release|Any CPU.ActiveCfg = Release|Any CPU
		{029C862D-D6E7-4A94-BF59-9ADA93F820E4}.Release|Any CPU.Build.0 = Release|Any CPU
		{34E9F0FB-F005-4A2A-B7F2-29560588C9C5}.Debug|Any CPU.ActiveCfg = Debug|Any CPU
		{34E9F0FB-F005-4A2A-B7F2-29560588C9C5}.Debug|Any CPU.Build.0 = Debug|Any CPU
		{34E9F0FB-F005-4A2A-B7F2-29560588C9C5}.Release|Any CPU.ActiveCfg = Release|Any CPU
		{34E9F0FB-F005-4A2A-B7F2-29560588C9C5}.Release|Any CPU.Build.0 = Release|Any CPU
		{888BAF67-9389-44DB-A95F-77A7AB9C12C8}.Debug|Any CPU.ActiveCfg = Debug|Any CPU
		{888BAF67-9389-44DB-A95F-77A7AB9C12C8}.Debug|Any CPU.Build.0 = Debug|Any CPU
		{888BAF67-9389-44DB-A95F-77A7AB9C12C8}.Release|Any CPU.ActiveCfg = Release|Any CPU
		{888BAF67-9389-44DB-A95F-77A7AB9C12C8}.Release|Any CPU.Build.0 = Release|Any CPU
		{5DBF1EB8-7C76-4DB9-A375-49D321D5BBA9}.Debug|Any CPU.ActiveCfg = Debug|Any CPU
		{5DBF1EB8-7C76-4DB9-A375-49D321D5BBA9}.Debug|Any CPU.Build.0 = Debug|Any CPU
		{5DBF1EB8-7C76-4DB9-A375-49D321D5BBA9}.Release|Any CPU.ActiveCfg = Release|Any CPU
		{5DBF1EB8-7C76-4DB9-A375-49D321D5BBA9}.Release|Any CPU.Build.0 = Release|Any CPU
		{CD1340B2-15D9-4BC3-ACA8-3C49FFA007AF}.Debug|Any CPU.ActiveCfg = Debug|Any CPU
		{CD1340B2-15D9-4BC3-ACA8-3C49FFA007AF}.Debug|Any CPU.Build.0 = Debug|Any CPU
		{CD1340B2-15D9-4BC3-ACA8-3C49FFA007AF}.Release|Any CPU.ActiveCfg = Release|Any CPU
		{CD1340B2-15D9-4BC3-ACA8-3C49FFA007AF}.Release|Any CPU.Build.0 = Release|Any CPU
	EndGlobalSection
	GlobalSection(SolutionProperties) = preSolution
		HideSolutionNode = FALSE
	EndGlobalSection
	GlobalSection(NestedProjects) = preSolution
		{B9A99B91-DAF1-4D00-A14D-66A942A9842E} = {9F9E8694-D4FD-44DA-A557-A2DE8CF16B43}
		{47AD3702-7F10-4C00-B9F9-4A028AD5880F} = {A57A1E0E-214B-434C-A004-55DBABBDF3FE}
		{5FA2BEAD-9B7B-4575-8840-075D5675062D} = {AE01F7C0-5FDB-4CC5-8A54-D852739F0905}
		{2E8AFE91-12E3-44CD-9460-34FEDEA9A8F6} = {9F9E8694-D4FD-44DA-A557-A2DE8CF16B43}
		{78DBF3E5-33FE-4019-9DEE-232DC56AA421} = {9F9E8694-D4FD-44DA-A557-A2DE8CF16B43}
		{4DB0A6B5-7F34-412D-85D8-D87301FC7037} = {9F9E8694-D4FD-44DA-A557-A2DE8CF16B43}
		{147308F2-40D5-424B-A3B5-52EF36AB6A02} = {9F9E8694-D4FD-44DA-A557-A2DE8CF16B43}
		{43C9268D-2387-4CD8-A1D2-3D4FB6FEEDE1} = {9F9E8694-D4FD-44DA-A557-A2DE8CF16B43}
		{DD7ABBE9-2E02-45BE-BAC6-96943D85AEFF} = {9F9E8694-D4FD-44DA-A557-A2DE8CF16B43}
		{B14E24D5-A5F0-483F-B2CA-CABA9A25624E} = {9F9E8694-D4FD-44DA-A557-A2DE8CF16B43}
		{9194F67E-4FC4-442B-8848-894095189025} = {9F9E8694-D4FD-44DA-A557-A2DE8CF16B43}
		{3A387C4F-D6B2-422B-A64E-8CA81DC65319} = {A57A1E0E-214B-434C-A004-55DBABBDF3FE}
		{34BD9CC2-E359-4CFC-8455-BCC7BA2FDACB} = {A57A1E0E-214B-434C-A004-55DBABBDF3FE}
		{C2282707-0C99-4E69-80D8-E938D0F05FB5} = {A57A1E0E-214B-434C-A004-55DBABBDF3FE}
		{BE5A4567-A105-4F26-A21E-0CFC9C0F3FD7} = {A57A1E0E-214B-434C-A004-55DBABBDF3FE}
		{DE23ADAB-E260-4FD7-A09F-B439BD061E6C} = {A57A1E0E-214B-434C-A004-55DBABBDF3FE}
		{D5B2910F-A3DE-4DC0-9A68-944EFE34940A} = {A57A1E0E-214B-434C-A004-55DBABBDF3FE}
		{FFBB5B5E-D50E-4589-BDFE-83F67ECC44B8} = {A57A1E0E-214B-434C-A004-55DBABBDF3FE}
		{EBF7AEC2-9207-473B-9EAB-3E2BBBCD7D21} = {A57A1E0E-214B-434C-A004-55DBABBDF3FE}
		{43B2660A-6129-4171-B9D1-A3190CD08C7B} = {A57A1E0E-214B-434C-A004-55DBABBDF3FE}
		{EEB09C91-962E-4A9A-9BA0-5B15225CB90B} = {A57A1E0E-214B-434C-A004-55DBABBDF3FE}
		{28C1CFB9-6CF7-4E4F-95AA-F9975E25C4FA} = {A57A1E0E-214B-434C-A004-55DBABBDF3FE}
		{0065FCB6-35F4-44FE-8E9B-58AA3BCA2709} = {AE01F7C0-5FDB-4CC5-8A54-D852739F0905}
		{43D77C60-438A-41A0-A7F2-C36131ED4146} = {AE01F7C0-5FDB-4CC5-8A54-D852739F0905}
		{E4B21A64-B6D2-4BC0-8C1E-326FB30F611A} = {AE01F7C0-5FDB-4CC5-8A54-D852739F0905}
		{535155C3-FA82-451A-8267-1AB51B9EB033} = {AE01F7C0-5FDB-4CC5-8A54-D852739F0905}
		{FF74E024-000D-4195-829C-AD6541836BB9} = {AE01F7C0-5FDB-4CC5-8A54-D852739F0905}
		{344C3F63-234C-4E4E-A239-577E81D35B55} = {AE01F7C0-5FDB-4CC5-8A54-D852739F0905}
		{5C1DA6EF-6DBA-49B4-BC7C-8A7806D9A8EE} = {AE01F7C0-5FDB-4CC5-8A54-D852739F0905}
		{8BDADA06-3D9D-476D-9089-DC52E8853650} = {AE01F7C0-5FDB-4CC5-8A54-D852739F0905}
		{2C63275E-1110-4C8D-81B2-BCEBD0A44703} = {AE01F7C0-5FDB-4CC5-8A54-D852739F0905}
		{F826C79A-FAD7-4E01-BA65-0EDFAC6DDF1D} = {AE01F7C0-5FDB-4CC5-8A54-D852739F0905}
		{D1E1F05D-C656-48F4-8D32-DC5A9E6AC97F} = {AE01F7C0-5FDB-4CC5-8A54-D852739F0905}
		{4EE0CCDE-26CD-4C51-80EE-E0BA9823F4D1} = {AE01F7C0-5FDB-4CC5-8A54-D852739F0905}
		{5A60B4B4-346C-473D-9EBF-7DBFDD6E2EB0} = {AE01F7C0-5FDB-4CC5-8A54-D852739F0905}
		{137A9225-5664-45C9-A6AD-24976D430042} = {AE01F7C0-5FDB-4CC5-8A54-D852739F0905}
		{B98B7D29-01B6-4300-8109-7152D7E09727} = {53F906B1-9183-43B0-8C2A-C3100302BB50}
		{CDFAD871-B2C9-433C-9A4D-4FD9CC080704} = {53F906B1-9183-43B0-8C2A-C3100302BB50}
		{2460D981-F369-4D6F-8E50-ADFEC2FEC7D0} = {53F906B1-9183-43B0-8C2A-C3100302BB50}
		{69D1C1EA-C85B-430B-817D-1AA6AA2F9444} = {53F906B1-9183-43B0-8C2A-C3100302BB50}
		{A0A2873B-CC06-4905-A29D-9341774B5715} = {53F906B1-9183-43B0-8C2A-C3100302BB50}
		{29DBC4A6-A640-44F2-A43C-C5991AE7D967} = {53F906B1-9183-43B0-8C2A-C3100302BB50}
		{4CCCE13D-6FBE-4B1F-B5E7-2BFABBA6A4BB} = {53F906B1-9183-43B0-8C2A-C3100302BB50}
		{CBE84E95-F2F9-455D-9417-60C29A07C7BD} = {53F906B1-9183-43B0-8C2A-C3100302BB50}
		{30477D41-DD99-41BD-9B2E-7914196C87FA} = {53F906B1-9183-43B0-8C2A-C3100302BB50}
		{B5D0A400-BA01-4AA9-985A-6D716D71053E} = {53F906B1-9183-43B0-8C2A-C3100302BB50}
		{0CB1B6E0-158A-495F-A4FC-0E18419FC24F} = {53F906B1-9183-43B0-8C2A-C3100302BB50}
		{029C862D-D6E7-4A94-BF59-9ADA93F820E4} = {53F906B1-9183-43B0-8C2A-C3100302BB50}
		{34E9F0FB-F005-4A2A-B7F2-29560588C9C5} = {53F906B1-9183-43B0-8C2A-C3100302BB50}
		{888BAF67-9389-44DB-A95F-77A7AB9C12C8} = {53F906B1-9183-43B0-8C2A-C3100302BB50}
		{5DBF1EB8-7C76-4DB9-A375-49D321D5BBA9} = {53F906B1-9183-43B0-8C2A-C3100302BB50}
		{CD1340B2-15D9-4BC3-ACA8-3C49FFA007AF} = {53F906B1-9183-43B0-8C2A-C3100302BB50}
	EndGlobalSection
EndGlobal
